PODS:
  - Alamofire (4.3.0)
  - SwiftyJSON (3.1.4)

DEPENDENCIES:
  - Alamofire
  - SwiftyJSON

SPEC CHECKSUMS:
  Alamofire: 856a113053a7bc9cbe5d6367a555d773fc5cfef7
  SwiftyJSON: c2842d878f95482ffceec5709abc3d05680c0220

PODFILE CHECKSUM: 3b4bb9510ac97375fc9a48632bd957f07f8d1e3f

COCOAPODS: 1.2.0.beta.1
